
Microsoft Visual Studio Solution File, Format Version 12.00
# Visual Studio Version 17
VisualStudioVersion = 17.9.34714.143
MinimumVisualStudioVersion = 10.0.40219.1
Project("{FAE04EC0-301F-11D3-BF4B-00C04F79EFBC}") = "GoodnightForFun13", "GoodnightForFun13\GoodnightForFun13.csproj", "{8725786F-BA12-4B2A-B409-C60815086726}"
EndProject
Global
	GlobalSection(SolutionConfigurationPlatforms) = preSolution
		Debug|Any CPU = Debug|Any CPU
		Release|Any CPU = Release|Any CPU
	EndGlobalSection
	GlobalSection(ProjectConfigurationPlatforms) = postSolution
		{8725786F-BA12-4B2A-B409-C60815086726}.Debug|Any CPU.ActiveCfg = Debug|Any CPU
		{8725786F-BA12-4B2A-B409-C60815086726}.Debug|Any CPU.Build.0 = Debug|Any CPU
		{8725786F-BA12-4B2A-B409-C60815086726}.Release|Any CPU.ActiveCfg = Release|Any CPU
		{8725786F-BA12-4B2A-B409-C60815086726}.Release|Any CPU.Build.0 = Release|Any CPU
	EndGlobalSection
	GlobalSection(SolutionProperties) = preSolution
		HideSolutionNode = FALSE
	EndGlobalSection
	GlobalSection(ExtensibilityGlobals) = postSolution
		SolutionGuid = {FC532C3E-5E70-4B26-AFAD-45349D2B7969}
	EndGlobalSection
EndGlobal
